
Microsoft Visual Studio Solution File, Format Version 12.00
# Visual Studio Version 16
VisualStudioVersion = 16.0.32002.261
MinimumVisualStudioVersion = 10.0.40219.1
Project("{FAE04EC0-301F-11D3-BF4B-00C04F79EFBC}") = "ASPNetCoreWithReactJSProject", "ASPNetCoreWithReactJSProject\ASPNetCoreWithReactJSProject.csproj", "{05F38B1A-6C0A-43C4-BBDC-9563443ACE69}"
EndProject
Global
	GlobalSection(SolutionConfigurationPlatforms) = preSolution
		Debug|Any CPU = Debug|Any CPU
		Release|Any CPU = Release|Any CPU
	EndGlobalSection
	GlobalSection(ProjectConfigurationPlatforms) = postSolution
		{05F38B1A-6C0A-43C4-BBDC-9563443ACE69}.Debug|Any CPU.ActiveCfg = Debug|Any CPU
		{05F38B1A-6C0A-43C4-BBDC-9563443ACE69}.Debug|Any CPU.Build.0 = Debug|Any CPU
		{05F38B1A-6C0A-43C4-BBDC-9563443ACE69}.Release|Any CPU.ActiveCfg = Release|Any CPU
		{05F38B1A-6C0A-43C4-BBDC-9563443ACE69}.Release|Any CPU.Build.0 = Release|Any CPU
	EndGlobalSection
	GlobalSection(SolutionProperties) = preSolution
		HideSolutionNode = FALSE
	EndGlobalSection
	GlobalSection(ExtensibilityGlobals) = postSolution
		SolutionGuid = {0AF04B15-AEFA-44DF-B6A7-149D55B97D76}
	EndGlobalSection
EndGlobal
